
Microsoft Visual Studio Solution File, Format Version 12.00
# Visual Studio Version 16
VisualStudioVersion = 16.0.30523.141
MinimumVisualStudioVersion = 10.0.40219.1
Project("{FAE04EC0-301F-11D3-BF4B-00C04F79EFBC}") = "SMSAuthADFS", "SMSAuthADFS\SMSAuthADFS.csproj", "{1CCF2448-EA42-457A-BBA3-CB867D4F087D}"
EndProject
Global
	GlobalSection(SolutionConfigurationPlatforms) = preSolution
		Debug|Any CPU = Debug|Any CPU
		Release|Any CPU = Release|Any CPU
	EndGlobalSection
	GlobalSection(ProjectConfigurationPlatforms) = postSolution
		{1CCF2448-EA42-457A-BBA3-CB867D4F087D}.Debug|Any CPU.ActiveCfg = Debug|Any CPU
		{1CCF2448-EA42-457A-BBA3-CB867D4F087D}.Debug|Any CPU.Build.0 = Debug|Any CPU
		{1CCF2448-EA42-457A-BBA3-CB867D4F087D}.Release|Any CPU.ActiveCfg = Release|Any CPU
		{1CCF2448-EA42-457A-BBA3-CB867D4F087D}.Release|Any CPU.Build.0 = Release|Any CPU
	EndGlobalSection
	GlobalSection(SolutionProperties) = preSolution
		HideSolutionNode = FALSE
	EndGlobalSection
	GlobalSection(ExtensibilityGlobals) = postSolution
		SolutionGuid = {1BF8F256-FC7D-415D-935C-0056D8B4D008}
	EndGlobalSection
EndGlobal
